
Microsoft Visual Studio Solution File, Format Version 12.00
# Visual Studio 15
VisualStudioVersion = 15.0.27004.2009
MinimumVisualStudioVersion = 10.0.40219.1
Project("{FAE04EC0-301F-11D3-BF4B-00C04F79EFBC}") = "Ivedix.Translator.Web", "Ivedix.Translator.Web\Ivedix.Translator.Web.csproj", "{5079B0B5-6767-44E1-943A-FF5048F8CE3A}"
EndProject
Global
	GlobalSection(SolutionConfigurationPlatforms) = preSolution
		Debug|Any CPU = Debug|Any CPU
		Release|Any CPU = Release|Any CPU
	EndGlobalSection
	GlobalSection(ProjectConfigurationPlatforms) = postSolution
		{5079B0B5-6767-44E1-943A-FF5048F8CE3A}.Debug|Any CPU.ActiveCfg = Debug|Any CPU
		{5079B0B5-6767-44E1-943A-FF5048F8CE3A}.Debug|Any CPU.Build.0 = Debug|Any CPU
		{5079B0B5-6767-44E1-943A-FF5048F8CE3A}.Release|Any CPU.ActiveCfg = Release|Any CPU
		{5079B0B5-6767-44E1-943A-FF5048F8CE3A}.Release|Any CPU.Build.0 = Release|Any CPU
	EndGlobalSection
	GlobalSection(SolutionProperties) = preSolution
		HideSolutionNode = FALSE
	EndGlobalSection
	GlobalSection(ExtensibilityGlobals) = postSolution
		SolutionGuid = {D5686527-7AC0-41CF-983F-80970C78A0AF}
	EndGlobalSection
EndGlobal
